
Microsoft Visual Studio Solution File, Format Version 12.00
# Visual Studio Version 17
VisualStudioVersion = 17.14.37301.10 d17.14
MinimumVisualStudioVersion = 10.0.40219.1
Project("{FAE04EC0-301F-11D3-BF4B-00C04F79EFBC}") = "TectumMechanics_MVP1", "TectumMechanics_MVP1.csproj", "{8C0DA96C-A086-44E1-81C0-9B42B8CC140B}"
EndProject
Global
	GlobalSection(SolutionConfigurationPlatforms) = preSolution
		Debug|Any CPU = Debug|Any CPU
		Release|Any CPU = Release|Any CPU
	EndGlobalSection
	GlobalSection(ProjectConfigurationPlatforms) = postSolution
		{8C0DA96C-A086-44E1-81C0-9B42B8CC140B}.Debug|Any CPU.ActiveCfg = Debug|Any CPU
		{8C0DA96C-A086-44E1-81C0-9B42B8CC140B}.Debug|Any CPU.Build.0 = Debug|Any CPU
		{8C0DA96C-A086-44E1-81C0-9B42B8CC140B}.Release|Any CPU.ActiveCfg = Release|Any CPU
		{8C0DA96C-A086-44E1-81C0-9B42B8CC140B}.Release|Any CPU.Build.0 = Release|Any CPU
	EndGlobalSection
	GlobalSection(SolutionProperties) = preSolution
		HideSolutionNode = FALSE
	EndGlobalSection
	GlobalSection(ExtensibilityGlobals) = postSolution
		SolutionGuid = {84B4FCB5-118D-40B2-89A0-B9D7AE03FD26}
	EndGlobalSection
EndGlobal
